
Microsoft Visual Studio Solution File, Format Version 12.00
# Visual Studio Version 17
VisualStudioVersion = 17.0.31410.414
MinimumVisualStudioVersion = 10.0.40219.1
Project("{FAE04EC0-301F-11D3-BF4B-00C04F79EFBC}") = "getool.net", "getool.net\getool.net.csproj", "{BB94F985-7DA6-4395-9D4F-B4D0019B9199}"
EndProject
Global
	GlobalSection(SolutionConfigurationPlatforms) = preSolution
		Debug|Any CPU = Debug|Any CPU
		Release|Any CPU = Release|Any CPU
	EndGlobalSection
	GlobalSection(ProjectConfigurationPlatforms) = postSolution
		{BB94F985-7DA6-4395-9D4F-B4D0019B9199}.Debug|Any CPU.ActiveCfg = Debug|Any CPU
		{BB94F985-7DA6-4395-9D4F-B4D0019B9199}.Debug|Any CPU.Build.0 = Debug|Any CPU
		{BB94F985-7DA6-4395-9D4F-B4D0019B9199}.Release|Any CPU.ActiveCfg = Release|Any CPU
		{BB94F985-7DA6-4395-9D4F-B4D0019B9199}.Release|Any CPU.Build.0 = Release|Any CPU
	EndGlobalSection
	GlobalSection(SolutionProperties) = preSolution
		HideSolutionNode = FALSE
	EndGlobalSection
	GlobalSection(ExtensibilityGlobals) = postSolution
		SolutionGuid = {39E1D7DD-FCBC-4157-8CA6-C519969C775E}
	EndGlobalSection
EndGlobal
